
Microsoft Visual Studio Solution File, Format Version 11.00
# Visual Studio 2010
Project("{FAE04EC0-301F-11D3-BF4B-00C04F79EFBC}") = "Assembly-CSharp", "Assembly-CSharp.csproj", "{206496E5-1B9D-4FBB-7244-ECF72E264493}"
EndProject
Global
	GlobalSection(SolutionConfigurationPlatforms) = preSolution
		Debug|Any CPU = Debug|Any CPU
		Release|Any CPU = Release|Any CPU
	EndGlobalSection
	GlobalSection(ProjectConfigurationPlatforms) = postSolution
		{206496E5-1B9D-4FBB-7244-ECF72E264493}.Debug|Any CPU.ActiveCfg = Debug|Any CPU
		{206496E5-1B9D-4FBB-7244-ECF72E264493}.Debug|Any CPU.Build.0 = Debug|Any CPU
		{206496E5-1B9D-4FBB-7244-ECF72E264493}.Release|Any CPU.ActiveCfg = Release|Any CPU
		{206496E5-1B9D-4FBB-7244-ECF72E264493}.Release|Any CPU.Build.0 = Release|Any CPU
	EndGlobalSection
	GlobalSection(SolutionProperties) = preSolution
		HideSolutionNode = FALSE
	EndGlobalSection
EndGlobal
